// !$*UTF8*$!
{
	archiveVersion = 1;
	classes = {
	};
	objectVersion = 46;
	objects = {

/* Begin PBXBuildFile section */
		F49161A21FF738D700C90F5F /* main.m in Sources */ = {isa = PBXBuildFile; fileRef = F49161A11FF738D700C90F5F /* main.m */; };
		F49161A51FF738D700C90F5F /* AppDelegate.m in Sources */ = {isa = PBXBuildFile; fileRef = F49161A41FF738D700C90F5F /* AppDelegate.m */; };
		F49161A81FF738D700C90F5F /* ViewController.m in Sources */ = {isa = PBXBuildFile; fileRef = F49161A71FF738D700C90F5F /* ViewController.m */; };
		F49161AB1FF738D700C90F5F /* Main.storyboard in Resources */ = {isa = PBXBuildFile; fileRef = F49161A91FF738D700C90F5F /* Main.storyboard */; };
		F49161AD1FF738D700C90F5F /* Assets.xcassets in Resources */ = {isa = PBXBuildFile; fileRef = F49161AC1FF738D700C90F5F /* Assets.xcassets */; };
		F49161B01FF738D700C90F5F /* LaunchScreen.storyboard in Resources */ = {isa = PBXBuildFile; fileRef = F49161AE1FF738D700C90F5F /* LaunchScreen.storyboard */; };
		F49161BB1FF738F900C90F5F /* ZHSimpleAnimateView.m in Sources */ = {isa = PBXBuildFile; fileRef = F49161B81FF738F900C90F5F /* ZHSimpleAnimateView.m */; };
		F49161BC1FF738F900C90F5F /* ZHWeakTimer.m in Sources */ = {isa = PBXBuildFile; fileRef = F49161BA1FF738F900C90F5F /* ZHWeakTimer.m */; };
		F4CDD025200DCE840080FA05 /* ZHSimpleScrollContentView.m in Sources */ = {isa = PBXBuildFile; fileRef = F4CDD024200DCE840080FA05 /* ZHSimpleScrollContentView.m */; };
/* End PBXBuildFile section */

/* Begin PBXFileReference section */
		F491619D1FF738D700C90F5F /* ZHScrollAnimate.app */ = {isa = PBXFileReference; explicitFileType = wrapper.application; includeInIndex = 0; path = ZHScrollAnimate.app; sourceTree = BUILT_PRODUCTS_DIR; };
		F49161A11FF738D700C90F5F /* main.m */ = {isa = PBXFileReference; lastKnownFileType = sourcecode.c.objc; path = main.m; sourceTree = "<group>"; };
		F49161A31FF738D700C90F5F /* AppDelegate.h */ = {isa = PBXFileReference; lastKnownFileType = sourcecode.c.h; path = AppDelegate.h; sourceTree = "<group>"; };
		F49161A41FF738D700C90F5F /* AppDelegate.m */ = {isa = PBXFileReference; lastKnownFileType = sourcecode.c.objc; path = AppDelegate.m; sourceTree = "<group>"; };
		F49161A61FF738D700C90F5F /* ViewController.h */ = {isa = PBXFileReference; lastKnownFileType = sourcecode.c.h; path = ViewController.h; sourceTree = "<group>"; };
		F49161A71FF738D700C90F5F /* ViewController.m */ = {isa = PBXFileReference; lastKnownFileType = sourcecode.c.objc; path = ViewController.m; sourceTree = "<group>"; };
		F49161AA1FF738D700C90F5F /* Base */ = {isa = PBXFileReference; lastKnownFileType = file.storyboard; name = Base; path = Base.lproj/Main.storyboard; sourceTree = "<group>"; };
		F49161AC1FF738D700C90F5F /* Assets.xcassets */ = {isa = PBXFileReference; lastKnownFileType = folder.assetcatalog; path = Assets.xcassets; sourceTree = "<group>"; };
		F49161AF1FF738D700C90F5F /* Base */ = {isa = PBXFileReference; lastKnownFileType = file.storyboard; name = Base; path = Base.lproj/LaunchScreen.storyboard; sourceTree = "<group>"; };
		F49161B11FF738D700C90F5F /* Info.plist */ = {isa = PBXFileReference; lastKnownFileType = text.plist.xml; path = Info.plist; sourceTree = "<group>"; };
		F49161B71FF738F900C90F5F /* ZHSimpleAnimateView.h */ = {isa = PBXFileReference; fileEncoding = 4; lastKnownFileType = sourcecode.c.h; path = ZHSimpleAnimateView.h; sourceTree = "<group>"; };
		F49161B81FF738F900C90F5F /* ZHSimpleAnimateView.m */ = {isa = PBXFileReference; fileEncoding = 4; lastKnownFileType = sourcecode.c.objc; path = ZHSimpleAnimateView.m; sourceTree = "<group>"; };
		F49161B91FF738F900C90F5F /* ZHWeakTimer.h */ = {isa = PBXFileReference; fileEncoding = 4; lastKnownFileType = sourcecode.c.h; path = ZHWeakTimer.h; sourceTree = "<group>"; };
		F49161BA1FF738F900C90F5F /* ZHWeakTimer.m */ = {isa = PBXFileReference; fileEncoding = 4; lastKnownFileType = sourcecode.c.objc; path = ZHWeakTimer.m; sourceTree = "<group>"; };
		F4CDD023200DCE840080FA05 /* ZHSimpleScrollContentView.h */ = {isa = PBXFileReference; lastKnownFileType = sourcecode.c.h; path = ZHSimpleScrollContentView.h; sourceTree = "<group>"; };
		F4CDD024200DCE840080FA05 /* ZHSimpleScrollContentView.m */ = {isa = PBXFileReference; lastKnownFileType = sourcecode.c.objc; path = ZHSimpleScrollContentView.m; sourceTree = "<group>"; };
/* End PBXFileReference section */

/* Begin PBXFrameworksBuildPhase section */
		F491619A1FF738D700C90F5F /* Frameworks */ = {
			isa = PBXFrameworksBuildPhase;
			buildActionMask = 2147483647;
			files = (
			);
			runOnlyForDeploymentPostprocessing = 0;
		};
/* End PBXFrameworksBuildPhase section */

/* Begin PBXGroup section */
		F49161941FF738D700C90F5F = {
			isa = PBXGroup;
			children = (
				F491619F1FF738D700C90F5F /* ZHScrollAnimate */,
				F491619E1FF738D700C90F5F /* Products */,
			);
			sourceTree = "<group>";
		};
		F491619E1FF738D700C90F5F /* Products */ = {
			isa = PBXGroup;
			children = (
				F491619D1FF738D700C90F5F /* ZHScrollAnimate.app */,
			);
			name = Products;
			sourceTree = "<group>";
		};
		F491619F1FF738D700C90F5F /* ZHScrollAnimate */ = {
			isa = PBXGroup;
			children = (
				F49161A31FF738D700C90F5F /* AppDelegate.h */,
				F49161A41FF738D700C90F5F /* AppDelegate.m */,
				F49161A61FF738D700C90F5F /* ViewController.h */,
				F49161A71FF738D700C90F5F /* ViewController.m */,
				F49161A91FF738D700C90F5F /* Main.storyboard */,
				F49161B71FF738F900C90F5F /* ZHSimpleAnimateView.h */,
				F49161B81FF738F900C90F5F /* ZHSimpleAnimateView.m */,
				F4CDD023200DCE840080FA05 /* ZHSimpleScrollContentView.h */,
				F4CDD024200DCE840080FA05 /* ZHSimpleScrollContentView.m */,
				F49161B91FF738F900C90F5F /* ZHWeakTimer.h */,
				F49161BA1FF738F900C90F5F /* ZHWeakTimer.m */,
				F49161AC1FF738D700C90F5F /* Assets.xcassets */,
				F49161AE1FF738D700C90F5F /* LaunchScreen.storyboard */,
				F49161B11FF738D700C90F5F /* Info.plist */,
				F49161A01FF738D700C90F5F /* Supporting Files */,
			);
			path = ZHScrollAnimate;
			sourceTree = "<group>";
		};
		F49161A01FF738D700C90F5F /* Supporting Files */ = {
			isa = PBXGroup;
			children = (
				F49161A11FF738D700C90F5F /* main.m */,
			);
			name = "Supporting Files";
			sourceTree = "<group>";
		};
/* End PBXGroup section */

/* Begin PBXNativeTarget section */
		F491619C1FF738D700C90F5F /* ZHScrollAnimate */ = {
			isa = PBXNativeTarget;
			buildConfigurationList = F49161B41FF738D700C90F5F /* Build configuration list for PBXNativeTarget "ZHScrollAnimate" */;
			buildPhases = (
				F49161991FF738D700C90F5F /* Sources */,
				F491619A1FF738D700C90F5F /* Frameworks */,
				F491619B1FF738D700C90F5F /* Resources */,
			);
			buildRules = (
			);
			dependencies = (
			);
			name = ZHScrollAnimate;
			productName = ZHScrollAnimate;
			productReference = F491619D1FF738D700C90F5F /* ZHScrollAnimate.app */;
			productType = "com.apple.product-type.application";
		};
/* End PBXNativeTarget section */

/* Begin PBXProject section */
		F49161951FF738D700C90F5F /* Project object */ = {
			isa = PBXProject;
			attributes = {
				LastUpgradeCheck = 0810;
				ORGANIZATIONNAME = zhusanbao;
				TargetAttributes = {
					F491619C1FF738D700C90F5F = {
						CreatedOnToolsVersion = 8.1;
						DevelopmentTeam = ZZ3GZ6742G;
						ProvisioningStyle = Manual;
					};
				};
			};
			buildConfigurationList = F49161981FF738D700C90F5F /* Build configuration list for PBXProject "ZHScrollAnimate" */;
			compatibilityVersion = "Xcode 3.2";
			developmentRegion = English;
			hasScannedForEncodings = 0;
			knownRegions = (
				en,
				Base,
			);
			mainGroup = F49161941FF738D700C90F5F;
			productRefGroup = F491619E1FF738D700C90F5F /* Products */;
			projectDirPath = "";
			projectRoot = "";
			targets = (
				F491619C1FF738D700C90F5F /* ZHScrollAnimate */,
			);
		};
/* End PBXProject section */

/* Begin PBXResourcesBuildPhase section */
		F491619B1FF738D700C90F5F /* Resources */ = {
			isa = PBXResourcesBuildPhase;
			buildActionMask = 2147483647;
			files = (
				F49161B01FF738D700C90F5F /* LaunchScreen.storyboard in Resources */,
				F49161AD1FF738D700C90F5F /* Assets.xcassets in Resources */,
				F49161AB1FF738D700C90F5F /* Main.storyboard in Resources */,
			);
			runOnlyForDeploymentPostprocessing = 0;
		};
/* End PBXResourcesBuildPhase section */

/* Begin PBXSourcesBuildPhase section */
		F49161991FF738D700C90F5F /* Sources */ = {
			isa = PBXSourcesBuildPhase;
			buildActionMask = 2147483647;
			files = (
				F49161BC1FF738F900C90F5F /* ZHWeakTimer.m in Sources */,
				F49161A81FF738D700C90F5F /* ViewController.m in Sources */,
				F49161A51FF738D700C90F5F /* AppDelegate.m in Sources */,
				F4CDD025200DCE840080FA05 /* ZHSimpleScrollContentView.m in Sources */,
				F49161BB1FF738F900C90F5F /* ZHSimpleAnimateView.m in Sources */,
				F49161A21FF738D700C90F5F /* main.m in Sources */,
			);
			runOnlyForDeploymentPostprocessing = 0;
		};
/* End PBXSourcesBuildPhase section */

/* Begin PBXVariantGroup section */
		F49161A91FF738D700C90F5F /* Main.storyboard */ = {
			isa = PBXVariantGroup;
			children = (
				F49161AA1FF738D700C90F5F /* Base */,
			);
			name = Main.storyboard;
			sourceTree = "<group>";
		};
		F49161AE1FF738D700C90F5F /* LaunchScreen.storyboard */ = {
			isa = PBXVariantGroup;
			children = (
				F49161AF1FF738D700C90F5F /* Base */,
			);
			name = LaunchScreen.storyboard;
			sourceTree = "<group>";
		};
/* End PBXVariantGroup section */

/* Begin XCBuildConfiguration section */
		F49161B21FF738D700C90F5F /* Debug */ = {
			isa = XCBuildConfiguration;
			buildSettings = {
				ALWAYS_SEARCH_USER_PATHS = NO;
				CLANG_ANALYZER_NONNULL = YES;
				CLANG_CXX_LANGUAGE_STANDARD = "gnu++0x";
				CLANG_CXX_LIBRARY = "libc++";
				CLANG_ENABLE_MODULES = YES;
				CLANG_ENABLE_OBJC_ARC = YES;
				CLANG_WARN_BOOL_CONVERSION = YES;
				CLANG_WARN_CONSTANT_CONVERSION = YES;
				CLANG_WARN_DIRECT_OBJC_ISA_USAGE = YES_ERROR;
				CLANG_WARN_DOCUMENTATION_COMMENTS = YES;
				CLANG_WARN_EMPTY_BODY = YES;
				CLANG_WARN_ENUM_CONVERSION = YES;
				CLANG_WARN_INFINITE_RECURSION = YES;
				CLANG_WARN_INT_CONVERSION = YES;
				CLANG_WARN_OBJC_ROOT_CLASS = YES_ERROR;
				CLANG_WARN_SUSPICIOUS_MOVES = YES;
				CLANG_WARN_UNREACHABLE_CODE = YES;
				CLANG_WARN__DUPLICATE_METHOD_MATCH = YES;
				"CODE_SIGN_IDENTITY[sdk=iphoneos*]" = "iPhone Developer";
				COPY_PHASE_STRIP = NO;
				DEBUG_INFORMATION_FORMAT = dwarf;
				ENABLE_STRICT_OBJC_MSGSEND = YES;
				ENABLE_TESTABILITY = YES;
				GCC_C_LANGUAGE_STANDARD = gnu99;
				GCC_DYNAMIC_NO_PIC = NO;
				GCC_NO_COMMON_BLOCKS = YES;
				GCC_OPTIMIZATION_LEVEL = 0;
				GCC_PREPROCESSOR_DEFINITIONS = (
					"DEBUG=1",
					"$(inherited)",
				);
				GCC_WARN_64_TO_32_BIT_CONVERSION = YES;
				GCC_WARN_ABOUT_RETURN_TYPE = YES_ERROR;
				GCC_WARN_UNDECLARED_SELECTOR = YES;
				GCC_WARN_UNINITIALIZED_AUTOS = YES_AGGRESSIVE;
				GCC_WARN_UNUSED_FUNCTION = YES;
				GCC_WARN_UNUSED_VARIABLE = YES;
				IPHONEOS_DEPLOYMENT_TARGET = 10.1;
				MTL_ENABLE_DEBUG_INFO = YES;
				ONLY_ACTIVE_ARCH = YES;
				SDKROOT = iphoneos;
				TARGETED_DEVICE_FAMILY = "1,2";
			};
			name = Debug;
		};
		F49161B31FF738D700C90F5F /* Release */ = {
			isa = XCBuildConfiguration;
			buildSettings = {
				ALWAYS_SEARCH_USER_PATHS = NO;
				CLANG_ANALYZER_NONNULL = YES;
				CLANG_CXX_LANGUAGE_STANDARD = "gnu++0x";
				CLANG_CXX_LIBRARY = "libc++";
				CLANG_ENABLE_MODULES = YES;
				CLANG_ENABLE_OBJC_ARC = YES;
				CLANG_WARN_BOOL_CONVERSION = YES;
				CLANG_WARN_CONSTANT_CONVERSION = YES;
				CLANG_WARN_DIRECT_OBJC_ISA_USAGE = YES_ERROR;
				CLANG_WARN_DOCUMENTATION_COMMENTS = YES;
				CLANG_WARN_EMPTY_BODY = YES;
				CLANG_WARN_ENUM_CONVERSION = YES;
				CLANG_WARN_INFINITE_RECURSION = YES;
				CLANG_WARN_INT_CONVERSION = YES;
				CLANG_WARN_OBJC_ROOT_CLASS = YES_ERROR;
				CLANG_WARN_SUSPICIOUS_MOVES = YES;
				CLANG_WARN_UNREACHABLE_CODE = YES;
				CLANG_WARN__DUPLICATE_METHOD_MATCH = YES;
				"CODE_SIGN_IDENTITY[sdk=iphoneos*]" = "iPhone Developer";
				COPY_PHASE_STRIP = NO;
				DEBUG_INFORMATION_FORMAT = "dwarf-with-dsym";
				ENABLE_NS_ASSERTIONS = NO;
				ENABLE_STRICT_OBJC_MSGSEND = YES;
				GCC_C_LANGUAGE_STANDARD = gnu99;
				GCC_NO_COMMON_BLOCKS = YES;
				GCC_WARN_64_TO_32_BIT_CONVERSION = YES;
				GCC_WARN_ABOUT_RETURN_TYPE = YES_ERROR;
				GCC_WARN_UNDECLARED_SELECTOR = YES;
				GCC_WARN_UNINITIALIZED_AUTOS = YES_AGGRESSIVE;
				GCC_WARN_UNUSED_FUNCTION = YES;
				GCC_WARN_UNUSED_VARIABLE = YES;
				IPHONEOS_DEPLOYMENT_TARGET = 10.1;
				MTL_ENABLE_DEBUG_INFO = NO;
				SDKROOT = iphoneos;
				TARGETED_DEVICE_FAMILY = "1,2";
				VALIDATE_PRODUCT = YES;
			};
			name = Release;
		};
		F49161B51FF738D700C90F5F /* Debug */ = {
			isa = XCBuildConfiguration;
			buildSettings = {
				ASSETCATALOG_COMPILER_APPICON_NAME = AppIcon;
				DEVELOPMENT_TEAM = ZZ3GZ6742G;
				INFOPLIST_FILE = ZHScrollAnimate/Info.plist;
				LD_RUNPATH_SEARCH_PATHS = "$(inherited) @executable_path/Frameworks";
				PRODUCT_BUNDLE_IDENTIFIER = com.jinxintech.ZHScrollAnimate;
				PRODUCT_NAME = "$(TARGET_NAME)";
				PROVISIONING_PROFILE = "77a8e0e4-139f-45db-baa8-60f47e813f07";
				PROVISIONING_PROFILE_SPECIFIER = ios_test_all;
			};
			name = Debug;
		};
		F49161B61FF738D700C90F5F /* Release */ = {
			isa = XCBuildConfiguration;
			buildSettings = {
				ASSETCATALOG_COMPILER_APPICON_NAME = AppIcon;
				DEVELOPMENT_TEAM = "";
				INFOPLIST_FILE = ZHScrollAnimate/Info.plist;
				LD_RUNPATH_SEARCH_PATHS = "$(inherited) @executable_path/Frameworks";
				PRODUCT_BUNDLE_IDENTIFIER = com.jinxintech.ZHScrollAnimate;
				PRODUCT_NAME = "$(TARGET_NAME)";
			};
			name = Release;
		};
/* End XCBuildConfiguration section */

/* Begin XCConfigurationList section */
		F49161981FF738D700C90F5F /* Build configuration list for PBXProject "ZHScrollAnimate" */ = {
			isa = XCConfigurationList;
			buildConfigurations = (
				F49161B21FF738D700C90F5F /* Debug */,
				F49161B31FF738D700C90F5F /* Release */,
			);
			defaultConfigurationIsVisible = 0;
			defaultConfigurationName = Release;
		};
		F49161B41FF738D700C90F5F /* Build configuration list for PBXNativeTarget "ZHScrollAnimate" */ = {
			isa = XCConfigurationList;
			buildConfigurations = (
				F49161B51FF738D700C90F5F /* Debug */,
				F49161B61FF738D700C90F5F /* Release */,
			);
			defaultConfigurationIsVisible = 0;
			defaultConfigurationName = Release;
		};
/* End XCConfigurationList section */
	};
	rootObject = F49161951FF738D700C90F5F /* Project object */;
}
